// !$*UTF8*$!
{
	archiveVersion = 1;
	classes = {
	};
	objectVersion = 46;
	objects = {

/* Begin PBXBuildFile section */
		7D05F89B1E4C29F1009F9D31 /* back2.jpg in Resources */ = {isa = PBXBuildFile; fileRef = 7D05F8881E4C29F1009F9D31 /* back2.jpg */; };
		7D05F89C1E4C29F1009F9D31 /* DOVE 1.png in Resources */ = {isa = PBXBuildFile; fileRef = 7D05F8891E4C29F1009F9D31 /* DOVE 1.png */; };
		7D05F89D1E4C29F1009F9D31 /* DOVE 10.png in Resources */ = {isa = PBXBuildFile; fileRef = 7D05F88A1E4C29F1009F9D31 /* DOVE 10.png */; };
		7D05F89E1E4C29F1009F9D31 /* DOVE 11.png in Resources */ = {isa = PBXBuildFile; fileRef = 7D05F88B1E4C29F1009F9D31 /* DOVE 11.png */; };
		7D05F89F1E4C29F1009F9D31 /* DOVE 12.png in Resources */ = {isa = PBXBuildFile; fileRef = 7D05F88C1E4C29F1009F9D31 /* DOVE 12.png */; };
		7D05F8A01E4C29F1009F9D31 /* DOVE 13.png in Resources */ = {isa = PBXBuildFile; fileRef = 7D05F88D1E4C29F1009F9D31 /* DOVE 13.png */; };
		7D05F8A11E4C29F1009F9D31 /* DOVE 14.png in Resources */ = {isa = PBXBuildFile; fileRef = 7D05F88E1E4C29F1009F9D31 /* DOVE 14.png */; };
		7D05F8A21E4C29F1009F9D31 /* DOVE 15.png in Resources */ = {isa = PBXBuildFile; fileRef = 7D05F88F1E4C29F1009F9D31 /* DOVE 15.png */; };
		7D05F8A31E4C29F1009F9D31 /* DOVE 16.png in Resources */ = {isa = PBXBuildFile; fileRef = 7D05F8901E4C29F1009F9D31 /* DOVE 16.png */; };
		7D05F8A41E4C29F1009F9D31 /* DOVE 17.png in Resources */ = {isa = PBXBuildFile; fileRef = 7D05F8911E4C29F1009F9D31 /* DOVE 17.png */; };
		7D05F8A51E4C29F1009F9D31 /* DOVE 18.png in Resources */ = {isa = PBXBuildFile; fileRef = 7D05F8921E4C29F1009F9D31 /* DOVE 18.png */; };
		7D05F8A61E4C29F1009F9D31 /* DOVE 2.png in Resources */ = {isa = PBXBuildFile; fileRef = 7D05F8931E4C29F1009F9D31 /* DOVE 2.png */; };
		7D05F8A71E4C29F1009F9D31 /* DOVE 3.png in Resources */ = {isa = PBXBuildFile; fileRef = 7D05F8941E4C29F1009F9D31 /* DOVE 3.png */; };
		7D05F8A81E4C29F1009F9D31 /* DOVE 4.png in Resources */ = {isa = PBXBuildFile; fileRef = 7D05F8951E4C29F1009F9D31 /* DOVE 4.png */; };
		7D05F8A91E4C29F1009F9D31 /* DOVE 5.png in Resources */ = {isa = PBXBuildFile; fileRef = 7D05F8961E4C29F1009F9D31 /* DOVE 5.png */; };
		7D05F8AA1E4C29F1009F9D31 /* DOVE 6.png in Resources */ = {isa = PBXBuildFile; fileRef = 7D05F8971E4C29F1009F9D31 /* DOVE 6.png */; };
		7D05F8AB1E4C29F1009F9D31 /* DOVE 7.png in Resources */ = {isa = PBXBuildFile; fileRef = 7D05F8981E4C29F1009F9D31 /* DOVE 7.png */; };
		7D05F8AC1E4C29F1009F9D31 /* DOVE 8.png in Resources */ = {isa = PBXBuildFile; fileRef = 7D05F8991E4C29F1009F9D31 /* DOVE 8.png */; };
		7D05F8AD1E4C29F1009F9D31 /* DOVE 9.png in Resources */ = {isa = PBXBuildFile; fileRef = 7D05F89A1E4C29F1009F9D31 /* DOVE 9.png */; };
		7D139CBB1E8DF76F005B89D7 /* FiveViewController.m in Sources */ = {isa = PBXBuildFile; fileRef = 7D139CBA1E8DF76F005B89D7 /* FiveViewController.m */; };
		7D139CBF1E8E3D42005B89D7 /* UIColor+ZBKit.m in Sources */ = {isa = PBXBuildFile; fileRef = 7D139CBE1E8E3D42005B89D7 /* UIColor+ZBKit.m */; };
		7D183D881E9F1D7600376D0B /* NSString+ZBKit.m in Sources */ = {isa = PBXBuildFile; fileRef = 7D183D871E9F1D7600376D0B /* NSString+ZBKit.m */; };
		7D1C6DF91E35F8CE00495AB7 /* ZBAdvertiseInfo.m in Sources */ = {isa = PBXBuildFile; fileRef = 7D1C6DDD1E35F8CE00495AB7 /* ZBAdvertiseInfo.m */; };
		7D1C6DFA1E35F8CE00495AB7 /* ZBAdvertiseView.m in Sources */ = {isa = PBXBuildFile; fileRef = 7D1C6DDF1E35F8CE00495AB7 /* ZBAdvertiseView.m */; };
		7D1C6DFB1E35F8CE00495AB7 /* ZBDataBaseManager.m in Sources */ = {isa = PBXBuildFile; fileRef = 7D1C6DE21E35F8CE00495AB7 /* ZBDataBaseManager.m */; };
		7D1C6DFC1E35F8CE00495AB7 /* UIImage+ZBKit.m in Sources */ = {isa = PBXBuildFile; fileRef = 7D1C6DE51E35F8CE00495AB7 /* UIImage+ZBKit.m */; };
		7D1C6E0C1E360A3600495AB7 /* ThirdViewController.m in Sources */ = {isa = PBXBuildFile; fileRef = 7D1C6E0A1E360A3600495AB7 /* ThirdViewController.m */; };
		7D220DAD1E359E8900A29791 /* zhanweitu.png in Resources */ = {isa = PBXBuildFile; fileRef = 7D220DAC1E359E8900A29791 /* zhanweitu.png */; };
		7D220DB01E35A40500A29791 /* DetailsViewController.m in Sources */ = {isa = PBXBuildFile; fileRef = 7D220DAF1E35A40500A29791 /* DetailsViewController.m */; };
		7D31A4011E34536400D913A7 /* libsqlite3.tbd in Frameworks */ = {isa = PBXBuildFile; fileRef = 7D31A4001E34536400D913A7 /* libsqlite3.tbd */; };
		7D31A4071E34AF5500D913A7 /* SecondViewController.m in Sources */ = {isa = PBXBuildFile; fileRef = 7D31A4061E34AF5500D913A7 /* SecondViewController.m */; };
		7D4F74D41E77A13A00C6A03E /* ZBWebImageManager.m in Sources */ = {isa = PBXBuildFile; fileRef = 7D4F74D31E77A13A00C6A03E /* ZBWebImageManager.m */; };
		7D4F74DA1E77A1BE00C6A03E /* UIImageView+ZBWebCache.m in Sources */ = {isa = PBXBuildFile; fileRef = 7D4F74D91E77A1BE00C6A03E /* UIImageView+ZBWebCache.m */; };
		7D57D62C1E36E5E100529558 /* FourViewController.m in Sources */ = {isa = PBXBuildFile; fileRef = 7D57D62B1E36E5E100529558 /* FourViewController.m */; };
		7D57D6411E373DD500529558 /* SettingCacheViewController.m in Sources */ = {isa = PBXBuildFile; fileRef = 7D57D6401E373DD500529558 /* SettingCacheViewController.m */; };
		7D57D6441E373E0D00529558 /* OfflineView.m in Sources */ = {isa = PBXBuildFile; fileRef = 7D57D6431E373E0D00529558 /* OfflineView.m */; };
		7D57D6471E373E4A00529558 /* offlineViewController.m in Sources */ = {isa = PBXBuildFile; fileRef = 7D57D6461E373E4A00529558 /* offlineViewController.m */; };
		7D57D64C1E37480300529558 /* MenuViewController.m in Sources */ = {isa = PBXBuildFile; fileRef = 7D57D64B1E37480300529558 /* MenuViewController.m */; };
		7D57D64F1E37489C00529558 /* MenuModel.m in Sources */ = {isa = PBXBuildFile; fileRef = 7D57D64E1E37489C00529558 /* MenuModel.m */; };
		7D57D6521E37490E00529558 /* ListViewController.m in Sources */ = {isa = PBXBuildFile; fileRef = 7D57D6511E37490E00529558 /* ListViewController.m */; };
		7D57D6551E37494600529558 /* ListModel.m in Sources */ = {isa = PBXBuildFile; fileRef = 7D57D6541E37494600529558 /* ListModel.m */; };
		7D57D6571E3755C200529558 /* adData.plist in Resources */ = {isa = PBXBuildFile; fileRef = 7D57D6561E3755C200529558 /* adData.plist */; };
		7D57D6591E3761F400529558 /* adData2.plist in Resources */ = {isa = PBXBuildFile; fileRef = 7D57D6581E3761F400529558 /* adData2.plist */; };
		7D5961FD1E529D5D00E92F55 /* HomeViewController.m in Sources */ = {isa = PBXBuildFile; fileRef = 7D5961FC1E529D5D00E92F55 /* HomeViewController.m */; };
		7D5962001E529DB500E92F55 /* FirstViewController.m in Sources */ = {isa = PBXBuildFile; fileRef = 7D5961FF1E529DB500E92F55 /* FirstViewController.m */; };
		7D5962031E529DFA00E92F55 /* SettingViewController.m in Sources */ = {isa = PBXBuildFile; fileRef = 7D5962021E529DFA00E92F55 /* SettingViewController.m */; };
		7DC006871E6816090047213C /* SixViewController.m in Sources */ = {isa = PBXBuildFile; fileRef = 7DC006861E6816090047213C /* SixViewController.m */; };
		7DC2FADD1E5EB66D00CEC472 /* UIView+ZBAnimation.m in Sources */ = {isa = PBXBuildFile; fileRef = 7DC2FADA1E5EB66D00CEC472 /* UIView+ZBAnimation.m */; };
		7DC2FADE1E5EB66D00CEC472 /* ZBChart.m in Sources */ = {isa = PBXBuildFile; fileRef = 7DC2FADC1E5EB66D00CEC472 /* ZBChart.m */; };
		7DC2FAE41E5EB68800CEC472 /* NSObject+ZBCoding.m in Sources */ = {isa = PBXBuildFile; fileRef = 7DC2FAE31E5EB68800CEC472 /* NSObject+ZBCoding.m */; };
		7DC2FAE81E5EB69A00CEC472 /* NSBundle+ZBKit.m in Sources */ = {isa = PBXBuildFile; fileRef = 7DC2FAE61E5EB69A00CEC472 /* NSBundle+ZBKit.m */; };
		7DC2FAE91E5EB69A00CEC472 /* ZBKit.bundle in Resources */ = {isa = PBXBuildFile; fileRef = 7DC2FAE71E5EB69A00CEC472 /* ZBKit.bundle */; };
		7DC2FAF11E5EB6AB00CEC472 /* ZBInteractiveTransition.m in Sources */ = {isa = PBXBuildFile; fileRef = 7DC2FAEC1E5EB6AB00CEC472 /* ZBInteractiveTransition.m */; };
		7DC2FAF21E5EB6AB00CEC472 /* ZBPopTransitioning.m in Sources */ = {isa = PBXBuildFile; fileRef = 7DC2FAEE1E5EB6AB00CEC472 /* ZBPopTransitioning.m */; };
		7DC2FAF31E5EB6AB00CEC472 /* ZBPushTransitioning.m in Sources */ = {isa = PBXBuildFile; fileRef = 7DC2FAF01E5EB6AB00CEC472 /* ZBPushTransitioning.m */; };
		7DC2FB041E5EB6C200CEC472 /* ZBControlTool.m in Sources */ = {isa = PBXBuildFile; fileRef = 7DC2FB011E5EB6C200CEC472 /* ZBControlTool.m */; };
		7DC2FB051E5EB6C200CEC472 /* ZBGlobalSettingsTool.m in Sources */ = {isa = PBXBuildFile; fileRef = 7DC2FB031E5EB6C200CEC472 /* ZBGlobalSettingsTool.m */; };
		7DC2FB091E5EB6C900CEC472 /* ZBTableViewController.m in Sources */ = {isa = PBXBuildFile; fileRef = 7DC2FB081E5EB6C900CEC472 /* ZBTableViewController.m */; };
		7DD0B43E1E65692000E5634E /* StorageSpaceViewController.m in Sources */ = {isa = PBXBuildFile; fileRef = 7DD0B43D1E65692000E5634E /* StorageSpaceViewController.m */; };
		7DD9D6191E27820D00CFA0A9 /* main.m in Sources */ = {isa = PBXBuildFile; fileRef = 7DD9D6181E27820D00CFA0A9 /* main.m */; };
		7DD9D61C1E27820D00CFA0A9 /* AppDelegate.m in Sources */ = {isa = PBXBuildFile; fileRef = 7DD9D61B1E27820D00CFA0A9 /* AppDelegate.m */; };
		7DD9D61F1E27820D00CFA0A9 /* ViewController.m in Sources */ = {isa = PBXBuildFile; fileRef = 7DD9D61E1E27820D00CFA0A9 /* ViewController.m */; };
		7DD9D6221E27820D00CFA0A9 /* Main.storyboard in Resources */ = {isa = PBXBuildFile; fileRef = 7DD9D6201E27820D00CFA0A9 /* Main.storyboard */; };
		7DD9D6241E27820D00CFA0A9 /* Assets.xcassets in Resources */ = {isa = PBXBuildFile; fileRef = 7DD9D6231E27820D00CFA0A9 /* Assets.xcassets */; };
		7DD9D6271E27820D00CFA0A9 /* LaunchScreen.storyboard in Resources */ = {isa = PBXBuildFile; fileRef = 7DD9D6251E27820D00CFA0A9 /* LaunchScreen.storyboard */; };
		7DD9D6321E27820E00CFA0A9 /* ZBKitTests.m in Sources */ = {isa = PBXBuildFile; fileRef = 7DD9D6311E27820E00CFA0A9 /* ZBKitTests.m */; };
		7DD9D63D1E27820E00CFA0A9 /* ZBKitUITests.m in Sources */ = {isa = PBXBuildFile; fileRef = 7DD9D63C1E27820E00CFA0A9 /* ZBKitUITests.m */; };
		7DF54D751E69500000DC4A41 /* ZBCarouselView.m in Sources */ = {isa = PBXBuildFile; fileRef = 7DF54D741E69500000DC4A41 /* ZBCarouselView.m */; };
		7DF9915C1E48893600F0071D /* DBViewController.m in Sources */ = {isa = PBXBuildFile; fileRef = 7DF9915B1E48893600F0071D /* DBViewController.m */; };
		7DFD7B421E306C1C00E38B8D /* BaseViewController.m in Sources */ = {isa = PBXBuildFile; fileRef = 7DFD7B411E306C1C00E38B8D /* BaseViewController.m */; };
		7DFD7B551E306F0B00E38B8D /* NSFileManager+pathMethod.m in Sources */ = {isa = PBXBuildFile; fileRef = 7DFD7B4B1E306F0B00E38B8D /* NSFileManager+pathMethod.m */; };
		7DFD7B561E306F0B00E38B8D /* ZBCacheManager.m in Sources */ = {isa = PBXBuildFile; fileRef = 7DFD7B4D1E306F0B00E38B8D /* ZBCacheManager.m */; };
		7DFD7B571E306F0B00E38B8D /* ZBNetworkManager.m in Sources */ = {isa = PBXBuildFile; fileRef = 7DFD7B501E306F0B00E38B8D /* ZBNetworkManager.m */; };
		7DFD7B581E306F0B00E38B8D /* ZBURLRequest.m in Sources */ = {isa = PBXBuildFile; fileRef = 7DFD7B521E306F0B00E38B8D /* ZBURLRequest.m */; };
		7DFD7B591E306F0B00E38B8D /* ZBURLSessionManager.m in Sources */ = {isa = PBXBuildFile; fileRef = 7DFD7B541E306F0B00E38B8D /* ZBURLSessionManager.m */; };
		93D1664BA27A8E5D9B6658C2 /* libPods-ZBKit.a in Frameworks */ = {isa = PBXBuildFile; fileRef = 1BC7A090E6668FB7B3DBB751 /* libPods-ZBKit.a */; };
/* End PBXBuildFile section */

/* Begin PBXContainerItemProxy section */
		7DD9D62E1E27820E00CFA0A9 /* PBXContainerItemProxy */ = {
			isa = PBXContainerItemProxy;
			containerPortal = 7DD9D60C1E27820D00CFA0A9 /* Project object */;
			proxyType = 1;
			remoteGlobalIDString = 7DD9D6131E27820D00CFA0A9;
			remoteInfo = ZBKit;
		};
		7DD9D6391E27820E00CFA0A9 /* PBXContainerItemProxy */ = {
			isa = PBXContainerItemProxy;
			containerPortal = 7DD9D60C1E27820D00CFA0A9 /* Project object */;
			proxyType = 1;
			remoteGlobalIDString = 7DD9D6131E27820D00CFA0A9;
			remoteInfo = ZBKit;
		};
/* End PBXContainerItemProxy section */

/* Begin PBXFileReference section */
		1BC7A090E6668FB7B3DBB751 /* libPods-ZBKit.a */ = {isa = PBXFileReference; explicitFileType = archive.ar; includeInIndex = 0; path = "libPods-ZBKit.a"; sourceTree = BUILT_PRODUCTS_DIR; };
		7D05F8881E4C29F1009F9D31 /* back2.jpg */ = {isa = PBXFileReference; lastKnownFileType = image.jpeg; path = back2.jpg; sourceTree = "<group>"; };
		7D05F8891E4C29F1009F9D31 /* DOVE 1.png */ = {isa = PBXFileReference; lastKnownFileType = image.png; path = "DOVE 1.png"; sourceTree = "<group>"; };
		7D05F88A1E4C29F1009F9D31 /* DOVE 10.png */ = {isa = PBXFileReference; lastKnownFileType = image.png; path = "DOVE 10.png"; sourceTree = "<group>"; };
		7D05F88B1E4C29F1009F9D31 /* DOVE 11.png */ = {isa = PBXFileReference; lastKnownFileType = image.png; path = "DOVE 11.png"; sourceTree = "<group>"; };
		7D05F88C1E4C29F1009F9D31 /* DOVE 12.png */ = {isa = PBXFileReference; lastKnownFileType = image.png; path = "DOVE 12.png"; sourceTree = "<group>"; };
		7D05F88D1E4C29F1009F9D31 /* DOVE 13.png */ = {isa = PBXFileReference; lastKnownFileType = image.png; path = "DOVE 13.png"; sourceTree = "<group>"; };
		7D05F88E1E4C29F1009F9D31 /* DOVE 14.png */ = {isa = PBXFileReference; lastKnownFileType = image.png; path = "DOVE 14.png"; sourceTree = "<group>"; };
		7D05F88F1E4C29F1009F9D31 /* DOVE 15.png */ = {isa = PBXFileReference; lastKnownFileType = image.png; path = "DOVE 15.png"; sourceTree = "<group>"; };
		7D05F8901E4C29F1009F9D31 /* DOVE 16.png */ = {isa = PBXFileReference; lastKnownFileType = image.png; path = "DOVE 16.png"; sourceTree = "<group>"; };
		7D05F8911E4C29F1009F9D31 /* DOVE 17.png */ = {isa = PBXFileReference; lastKnownFileType = image.png; path = "DOVE 17.png"; sourceTree = "<group>"; };
		7D05F8921E4C29F1009F9D31 /* DOVE 18.png */ = {isa = PBXFileReference; lastKnownFileType = image.png; path = "DOVE 18.png"; sourceTree = "<group>"; };
		7D05F8931E4C29F1009F9D31 /* DOVE 2.png */ = {isa = PBXFileReference; lastKnownFileType = image.png; path = "DOVE 2.png"; sourceTree = "<group>"; };
		7D05F8941E4C29F1009F9D31 /* DOVE 3.png */ = {isa = PBXFileReference; lastKnownFileType = image.png; path = "DOVE 3.png"; sourceTree = "<group>"; };
		7D05F8951E4C29F1009F9D31 /* DOVE 4.png */ = {isa = PBXFileReference; lastKnownFileType = image.png; path = "DOVE 4.png"; sourceTree = "<group>"; };
		7D05F8961E4C29F1009F9D31 /* DOVE 5.png */ = {isa = PBXFileReference; lastKnownFileType = image.png; path = "DOVE 5.png"; sourceTree = "<group>"; };
		7D05F8971E4C29F1009F9D31 /* DOVE 6.png */ = {isa = PBXFileReference; lastKnownFileType = image.png; path = "DOVE 6.png"; sourceTree = "<group>"; };
		7D05F8981E4C29F1009F9D31 /* DOVE 7.png */ = {isa = PBXFileReference; lastKnownFileType = image.png; path = "DOVE 7.png"; sourceTree = "<group>"; };
		7D05F8991E4C29F1009F9D31 /* DOVE 8.png */ = {isa = PBXFileReference; lastKnownFileType = image.png; path = "DOVE 8.png"; sourceTree = "<group>"; };
		7D05F89A1E4C29F1009F9D31 /* DOVE 9.png */ = {isa = PBXFileReference; lastKnownFileType = image.png; path = "DOVE 9.png"; sourceTree = "<group>"; };
		7D139CB91E8DF76F005B89D7 /* FiveViewController.h */ = {isa = PBXFileReference; fileEncoding = 4; lastKnownFileType = sourcecode.c.h; path = FiveViewController.h; sourceTree = "<group>"; };
		7D139CBA1E8DF76F005B89D7 /* FiveViewController.m */ = {isa = PBXFileReference; fileEncoding = 4; lastKnownFileType = sourcecode.c.objc; path = FiveViewController.m; sourceTree = "<group>"; };
		7D139CBD1E8E3D42005B89D7 /* UIColor+ZBKit.h */ = {isa = PBXFileReference; fileEncoding = 4; lastKnownFileType = sourcecode.c.h; path = "UIColor+ZBKit.h"; sourceTree = "<group>"; };
		7D139CBE1E8E3D42005B89D7 /* UIColor+ZBKit.m */ = {isa = PBXFileReference; fileEncoding = 4; lastKnownFileType = sourcecode.c.objc; path = "UIColor+ZBKit.m"; sourceTree = "<group>"; };
		7D183D861E9F1D7600376D0B /* NSString+ZBKit.h */ = {isa = PBXFileReference; fileEncoding = 4; lastKnownFileType = sourcecode.c.h; path = "NSString+ZBKit.h"; sourceTree = "<group>"; };
		7D183D871E9F1D7600376D0B /* NSString+ZBKit.m */ = {isa = PBXFileReference; fileEncoding = 4; lastKnownFileType = sourcecode.c.objc; path = "NSString+ZBKit.m"; sourceTree = "<group>"; };
		7D1C6DDC1E35F8CE00495AB7 /* ZBAdvertiseInfo.h */ = {isa = PBXFileReference; fileEncoding = 4; lastKnownFileType = sourcecode.c.h; path = ZBAdvertiseInfo.h; sourceTree = "<group>"; };
		7D1C6DDD1E35F8CE00495AB7 /* ZBAdvertiseInfo.m */ = {isa = PBXFileReference; fileEncoding = 4; lastKnownFileType = sourcecode.c.objc; path = ZBAdvertiseInfo.m; sourceTree = "<group>"; };
		7D1C6DDE1E35F8CE00495AB7 /* ZBAdvertiseView.h */ = {isa = PBXFileReference; fileEncoding = 4; lastKnownFileType = sourcecode.c.h; path = ZBAdvertiseView.h; sourceTree = "<group>"; };
		7D1C6DDF1E35F8CE00495AB7 /* ZBAdvertiseView.m */ = {isa = PBXFileReference; fileEncoding = 4; lastKnownFileType = sourcecode.c.objc; path = ZBAdvertiseView.m; sourceTree = "<group>"; };
		7D1C6DE11E35F8CE00495AB7 /* ZBDataBaseManager.h */ = {isa = PBXFileReference; fileEncoding = 4; lastKnownFileType = sourcecode.c.h; path = ZBDataBaseManager.h; sourceTree = "<group>"; };
		7D1C6DE21E35F8CE00495AB7 /* ZBDataBaseManager.m */ = {isa = PBXFileReference; fileEncoding = 4; lastKnownFileType = sourcecode.c.objc; path = ZBDataBaseManager.m; sourceTree = "<group>"; };
		7D1C6DE41E35F8CE00495AB7 /* UIImage+ZBKit.h */ = {isa = PBXFileReference; fileEncoding = 4; lastKnownFileType = sourcecode.c.h; path = "UIImage+ZBKit.h"; sourceTree = "<group>"; };
		7D1C6DE51E35F8CE00495AB7 /* UIImage+ZBKit.m */ = {isa = PBXFileReference; fileEncoding = 4; lastKnownFileType = sourcecode.c.objc; path = "UIImage+ZBKit.m"; sourceTree = "<group>"; };
		7D1C6E091E360A3600495AB7 /* ThirdViewController.h */ = {isa = PBXFileReference; fileEncoding = 4; lastKnownFileType = sourcecode.c.h; path = ThirdViewController.h; sourceTree = "<group>"; };
		7D1C6E0A1E360A3600495AB7 /* ThirdViewController.m */ = {isa = PBXFileReference; fileEncoding = 4; lastKnownFileType = sourcecode.c.objc; path = ThirdViewController.m; sourceTree = "<group>"; };
		7D220DAC1E359E8900A29791 /* zhanweitu.png */ = {isa = PBXFileReference; lastKnownFileType = image.png; path = zhanweitu.png; sourceTree = "<group>"; };
		7D220DAE1E35A40500A29791 /* DetailsViewController.h */ = {isa = PBXFileReference; fileEncoding = 4; lastKnownFileType = sourcecode.c.h; path = DetailsViewController.h; sourceTree = "<group>"; };
		7D220DAF1E35A40500A29791 /* DetailsViewController.m */ = {isa = PBXFileReference; fileEncoding = 4; lastKnownFileType = sourcecode.c.objc; path = DetailsViewController.m; sourceTree = "<group>"; };
		7D31A4001E34536400D913A7 /* libsqlite3.tbd */ = {isa = PBXFileReference; lastKnownFileType = "sourcecode.text-based-dylib-definition"; name = libsqlite3.tbd; path = usr/lib/libsqlite3.tbd; sourceTree = SDKROOT; };
		7D31A4051E34AF5500D913A7 /* SecondViewController.h */ = {isa = PBXFileReference; fileEncoding = 4; lastKnownFileType = sourcecode.c.h; path = SecondViewController.h; sourceTree = "<group>"; };
		7D31A4061E34AF5500D913A7 /* SecondViewController.m */ = {isa = PBXFileReference; fileEncoding = 4; lastKnownFileType = sourcecode.c.objc; path = SecondViewController.m; sourceTree = "<group>"; };
		7D4F74D21E77A13A00C6A03E /* ZBWebImageManager.h */ = {isa = PBXFileReference; fileEncoding = 4; lastKnownFileType = sourcecode.c.h; path = ZBWebImageManager.h; sourceTree = "<group>"; };
		7D4F74D31E77A13A00C6A03E /* ZBWebImageManager.m */ = {isa = PBXFileReference; fileEncoding = 4; lastKnownFileType = sourcecode.c.objc; path = ZBWebImageManager.m; sourceTree = "<group>"; };
		7D4F74D81E77A1BE00C6A03E /* UIImageView+ZBWebCache.h */ = {isa = PBXFileReference; fileEncoding = 4; lastKnownFileType = sourcecode.c.h; path = "UIImageView+ZBWebCache.h"; sourceTree = "<group>"; };
		7D4F74D91E77A1BE00C6A03E /* UIImageView+ZBWebCache.m */ = {isa = PBXFileReference; fileEncoding = 4; lastKnownFileType = sourcecode.c.objc; path = "UIImageView+ZBWebCache.m"; sourceTree = "<group>"; };
		7D57D62A1E36E5E100529558 /* FourViewController.h */ = {isa = PBXFileReference; fileEncoding = 4; lastKnownFileType = sourcecode.c.h; path = FourViewController.h; sourceTree = "<group>"; };
		7D57D62B1E36E5E100529558 /* FourViewController.m */ = {isa = PBXFileReference; fileEncoding = 4; lastKnownFileType = sourcecode.c.objc; path = FourViewController.m; sourceTree = "<group>"; };
		7D57D63F1E373DD500529558 /* SettingCacheViewController.h */ = {isa = PBXFileReference; fileEncoding = 4; lastKnownFileType = sourcecode.c.h; path = SettingCacheViewController.h; sourceTree = "<group>"; };
		7D57D6401E373DD500529558 /* SettingCacheViewController.m */ = {isa = PBXFileReference; fileEncoding = 4; lastKnownFileType = sourcecode.c.objc; path = SettingCacheViewController.m; sourceTree = "<group>"; };
		7D57D6421E373E0D00529558 /* OfflineView.h */ = {isa = PBXFileReference; fileEncoding = 4; lastKnownFileType = sourcecode.c.h; path = OfflineView.h; sourceTree = "<group>"; };
		7D57D6431E373E0D00529558 /* OfflineView.m */ = {isa = PBXFileReference; fileEncoding = 4; lastKnownFileType = sourcecode.c.objc; path = OfflineView.m; sourceTree = "<group>"; };
		7D57D6451E373E4A00529558 /* offlineViewController.h */ = {isa = PBXFileReference; fileEncoding = 4; lastKnownFileType = sourcecode.c.h; path = offlineViewController.h; sourceTree = "<group>"; };
		7D57D6461E373E4A00529558 /* offlineViewController.m */ = {isa = PBXFileReference; fileEncoding = 4; lastKnownFileType = sourcecode.c.objc; path = offlineViewController.m; sourceTree = "<group>"; };
		7D57D6481E373EC200529558 /* APIConstants.h */ = {isa = PBXFileReference; lastKnownFileType = sourcecode.c.h; path = APIConstants.h; sourceTree = "<group>"; };
		7D57D64A1E37480300529558 /* MenuViewController.h */ = {isa = PBXFileReference; fileEncoding = 4; lastKnownFileType = sourcecode.c.h; path = MenuViewController.h; sourceTree = "<group>"; };
		7D57D64B1E37480300529558 /* MenuViewController.m */ = {isa = PBXFileReference; fileEncoding = 4; lastKnownFileType = sourcecode.c.objc; path = MenuViewController.m; sourceTree = "<group>"; };
		7D57D64D1E37489C00529558 /* MenuModel.h */ = {isa = PBXFileReference; fileEncoding = 4; lastKnownFileType = sourcecode.c.h; path = MenuModel.h; sourceTree = "<group>"; };
		7D57D64E1E37489C00529558 /* MenuModel.m */ = {isa = PBXFileReference; fileEncoding = 4; lastKnownFileType = sourcecode.c.objc; path = MenuModel.m; sourceTree = "<group>"; };
		7D57D6501E37490E00529558 /* ListViewController.h */ = {isa = PBXFileReference; fileEncoding = 4; lastKnownFileType = sourcecode.c.h; path = ListViewController.h; sourceTree = "<group>"; };
		7D57D6511E37490E00529558 /* ListViewController.m */ = {isa = PBXFileReference; fileEncoding = 4; lastKnownFileType = sourcecode.c.objc; path = ListViewController.m; sourceTree = "<group>"; };
		7D57D6531E37494600529558 /* ListModel.h */ = {isa = PBXFileReference; fileEncoding = 4; lastKnownFileType = sourcecode.c.h; path = ListModel.h; sourceTree = "<group>"; };
		7D57D6541E37494600529558 /* ListModel.m */ = {isa = PBXFileReference; fileEncoding = 4; lastKnownFileType = sourcecode.c.objc; path = ListModel.m; sourceTree = "<group>"; };
		7D57D6561E3755C200529558 /* adData.plist */ = {isa = PBXFileReference; fileEncoding = 4; lastKnownFileType = text.plist.xml; path = adData.plist; sourceTree = "<group>"; };
		7D57D6581E3761F400529558 /* adData2.plist */ = {isa = PBXFileReference; fileEncoding = 4; lastKnownFileType = text.plist.xml; path = adData2.plist; sourceTree = "<group>"; };
		7D5961FB1E529D5D00E92F55 /* HomeViewController.h */ = {isa = PBXFileReference; fileEncoding = 4; lastKnownFileType = sourcecode.c.h; path = HomeViewController.h; sourceTree = "<group>"; };
		7D5961FC1E529D5D00E92F55 /* HomeViewController.m */ = {isa = PBXFileReference; fileEncoding = 4; lastKnownFileType = sourcecode.c.objc; path = HomeViewController.m; sourceTree = "<group>"; };
		7D5961FE1E529DB500E92F55 /* FirstViewController.h */ = {isa = PBXFileReference; fileEncoding = 4; lastKnownFileType = sourcecode.c.h; path = FirstViewController.h; sourceTree = "<group>"; };
		7D5961FF1E529DB500E92F55 /* FirstViewController.m */ = {isa = PBXFileReference; fileEncoding = 4; lastKnownFileType = sourcecode.c.objc; path = FirstViewController.m; sourceTree = "<group>"; };
		7D5962011E529DFA00E92F55 /* SettingViewController.h */ = {isa = PBXFileReference; fileEncoding = 4; lastKnownFileType = sourcecode.c.h; path = SettingViewController.h; sourceTree = "<group>"; };
		7D5962021E529DFA00E92F55 /* SettingViewController.m */ = {isa = PBXFileReference; fileEncoding = 4; lastKnownFileType = sourcecode.c.objc; path = SettingViewController.m; sourceTree = "<group>"; };
		7DC006851E6816090047213C /* SixViewController.h */ = {isa = PBXFileReference; fileEncoding = 4; lastKnownFileType = sourcecode.c.h; path = SixViewController.h; sourceTree = "<group>"; };
		7DC006861E6816090047213C /* SixViewController.m */ = {isa = PBXFileReference; fileEncoding = 4; lastKnownFileType = sourcecode.c.objc; path = SixViewController.m; sourceTree = "<group>"; };
		7DC2FAD91E5EB66D00CEC472 /* UIView+ZBAnimation.h */ = {isa = PBXFileReference; fileEncoding = 4; lastKnownFileType = sourcecode.c.h; path = "UIView+ZBAnimation.h"; sourceTree = "<group>"; };
		7DC2FADA1E5EB66D00CEC472 /* UIView+ZBAnimation.m */ = {isa = PBXFileReference; fileEncoding = 4; lastKnownFileType = sourcecode.c.objc; path = "UIView+ZBAnimation.m"; sourceTree = "<group>"; };
		7DC2FADB1E5EB66D00CEC472 /* ZBChart.h */ = {isa = PBXFileReference; fileEncoding = 4; lastKnownFileType = sourcecode.c.h; path = ZBChart.h; sourceTree = "<group>"; };
		7DC2FADC1E5EB66D00CEC472 /* ZBChart.m */ = {isa = PBXFileReference; fileEncoding = 4; lastKnownFileType = sourcecode.c.objc; path = ZBChart.m; sourceTree = "<group>"; };
		7DC2FAE21E5EB68800CEC472 /* NSObject+ZBCoding.h */ = {isa = PBXFileReference; fileEncoding = 4; lastKnownFileType = sourcecode.c.h; path = "NSObject+ZBCoding.h"; sourceTree = "<group>"; };
		7DC2FAE31E5EB68800CEC472 /* NSObject+ZBCoding.m */ = {isa = PBXFileReference; fileEncoding = 4; lastKnownFileType = sourcecode.c.objc; path = "NSObject+ZBCoding.m"; sourceTree = "<group>"; };
		7DC2FAE51E5EB69A00CEC472 /* NSBundle+ZBKit.h */ = {isa = PBXFileReference; fileEncoding = 4; lastKnownFileType = sourcecode.c.h; name = "NSBundle+ZBKit.h"; path = "ZBBundle/NSBundle+ZBKit.h"; sourceTree = "<group>"; };
		7DC2FAE61E5EB69A00CEC472 /* NSBundle+ZBKit.m */ = {isa = PBXFileReference; fileEncoding = 4; lastKnownFileType = sourcecode.c.objc; name = "NSBundle+ZBKit.m"; path = "ZBBundle/NSBundle+ZBKit.m"; sourceTree = "<group>"; };
		7DC2FAE71E5EB69A00CEC472 /* ZBKit.bundle */ = {isa = PBXFileReference; lastKnownFileType = "wrapper.plug-in"; name = ZBKit.bundle; path = ZBBundle/ZBKit.bundle; sourceTree = "<group>"; };
		7DC2FAEB1E5EB6AB00CEC472 /* ZBInteractiveTransition.h */ = {isa = PBXFileReference; fileEncoding = 4; lastKnownFileType = sourcecode.c.h; path = ZBInteractiveTransition.h; sourceTree = "<group>"; };
		7DC2FAEC1E5EB6AB00CEC472 /* ZBInteractiveTransition.m */ = {isa = PBXFileReference; fileEncoding = 4; lastKnownFileType = sourcecode.c.objc; path = ZBInteractiveTransition.m; sourceTree = "<group>"; };
		7DC2FAED1E5EB6AB00CEC472 /* ZBPopTransitioning.h */ = {isa = PBXFileReference; fileEncoding = 4; lastKnownFileType = sourcecode.c.h; path = ZBPopTransitioning.h; sourceTree = "<group>"; };
		7DC2FAEE1E5EB6AB00CEC472 /* ZBPopTransitioning.m */ = {isa = PBXFileReference; fileEncoding = 4; lastKnownFileType = sourcecode.c.objc; path = ZBPopTransitioning.m; sourceTree = "<group>"; };
		7DC2FAEF1E5EB6AB00CEC472 /* ZBPushTransitioning.h */ = {isa = PBXFileReference; fileEncoding = 4; lastKnownFileType = sourcecode.c.h; path = ZBPushTransitioning.h; sourceTree = "<group>"; };
		7DC2FAF01E5EB6AB00CEC472 /* ZBPushTransitioning.m */ = {isa = PBXFileReference; fileEncoding = 4; lastKnownFileType = sourcecode.c.objc; path = ZBPushTransitioning.m; sourceTree = "<group>"; };
		7DC2FAFF1E5EB6C200CEC472 /* ZBConstants.h */ = {isa = PBXFileReference; fileEncoding = 4; lastKnownFileType = sourcecode.c.h; path = ZBConstants.h; sourceTree = "<group>"; };
		7DC2FB001E5EB6C200CEC472 /* ZBControlTool.h */ = {isa = PBXFileReference; fileEncoding = 4; lastKnownFileType = sourcecode.c.h; path = ZBControlTool.h; sourceTree = "<group>"; };
		7DC2FB011E5EB6C200CEC472 /* ZBControlTool.m */ = {isa = PBXFileReference; fileEncoding = 4; lastKnownFileType = sourcecode.c.objc; path = ZBControlTool.m; sourceTree = "<group>"; };
		7DC2FB021E5EB6C200CEC472 /* ZBGlobalSettingsTool.h */ = {isa = PBXFileReference; fileEncoding = 4; lastKnownFileType = sourcecode.c.h; path = ZBGlobalSettingsTool.h; sourceTree = "<group>"; };
		7DC2FB031E5EB6C200CEC472 /* ZBGlobalSettingsTool.m */ = {isa = PBXFileReference; fileEncoding = 4; lastKnownFileType = sourcecode.c.objc; path = ZBGlobalSettingsTool.m; sourceTree = "<group>"; };
		7DC2FB071E5EB6C900CEC472 /* ZBTableViewController.h */ = {isa = PBXFileReference; fileEncoding = 4; lastKnownFileType = sourcecode.c.h; path = ZBTableViewController.h; sourceTree = "<group>"; };
		7DC2FB081E5EB6C900CEC472 /* ZBTableViewController.m */ = {isa = PBXFileReference; fileEncoding = 4; lastKnownFileType = sourcecode.c.objc; path = ZBTableViewController.m; sourceTree = "<group>"; };
		7DD0B43C1E65692000E5634E /* StorageSpaceViewController.h */ = {isa = PBXFileReference; fileEncoding = 4; lastKnownFileType = sourcecode.c.h; path = StorageSpaceViewController.h; sourceTree = "<group>"; };
		7DD0B43D1E65692000E5634E /* StorageSpaceViewController.m */ = {isa = PBXFileReference; fileEncoding = 4; lastKnownFileType = sourcecode.c.objc; path = StorageSpaceViewController.m; sourceTree = "<group>"; };
		7DD9D6141E27820D00CFA0A9 /* ZBKit.app */ = {isa = PBXFileReference; explicitFileType = wrapper.application; includeInIndex = 0; path = ZBKit.app; sourceTree = BUILT_PRODUCTS_DIR; };
		7DD9D6181E27820D00CFA0A9 /* main.m */ = {isa = PBXFileReference; lastKnownFileType = sourcecode.c.objc; path = main.m; sourceTree = "<group>"; };
		7DD9D61A1E27820D00CFA0A9 /* AppDelegate.h */ = {isa = PBXFileReference; lastKnownFileType = sourcecode.c.h; path = AppDelegate.h; sourceTree = "<group>"; };
		7DD9D61B1E27820D00CFA0A9 /* AppDelegate.m */ = {isa = PBXFileReference; lastKnownFileType = sourcecode.c.objc; path = AppDelegate.m; sourceTree = "<group>"; };
		7DD9D61D1E27820D00CFA0A9 /* ViewController.h */ = {isa = PBXFileReference; lastKnownFileType = sourcecode.c.h; path = ViewController.h; sourceTree = "<group>"; };
		7DD9D61E1E27820D00CFA0A9 /* ViewController.m */ = {isa = PBXFileReference; lastKnownFileType = sourcecode.c.objc; path = ViewController.m; sourceTree = "<group>"; };
		7DD9D6211E27820D00CFA0A9 /* Base */ = {isa = PBXFileReference; lastKnownFileType = file.storyboard; name = Base; path = Base.lproj/Main.storyboard; sourceTree = "<group>"; };
		7DD9D6231E27820D00CFA0A9 /* Assets.xcassets */ = {isa = PBXFileReference; lastKnownFileType = folder.assetcatalog; path = Assets.xcassets; sourceTree = "<group>"; };
		7DD9D6261E27820D00CFA0A9 /* Base */ = {isa = PBXFileReference; lastKnownFileType = file.storyboard; name = Base; path = Base.lproj/LaunchScreen.storyboard; sourceTree = "<group>"; };
		7DD9D6281E27820D00CFA0A9 /* Info.plist */ = {isa = PBXFileReference; lastKnownFileType = text.plist.xml; path = Info.plist; sourceTree = "<group>"; };
		7DD9D62D1E27820E00CFA0A9 /* ZBKitTests.xctest */ = {isa = PBXFileReference; explicitFileType = wrapper.cfbundle; includeInIndex = 0; path = ZBKitTests.xctest; sourceTree = BUILT_PRODUCTS_DIR; };
		7DD9D6311E27820E00CFA0A9 /* ZBKitTests.m */ = {isa = PBXFileReference; lastKnownFileType = sourcecode.c.objc; path = ZBKitTests.m; sourceTree = "<group>"; };
		7DD9D6331E27820E00CFA0A9 /* Info.plist */ = {isa = PBXFileReference; lastKnownFileType = text.plist.xml; path = Info.plist; sourceTree = "<group>"; };
		7DD9D6381E27820E00CFA0A9 /* ZBKitUITests.xctest */ = {isa = PBXFileReference; explicitFileType = wrapper.cfbundle; includeInIndex = 0; path = ZBKitUITests.xctest; sourceTree = BUILT_PRODUCTS_DIR; };
		7DD9D63C1E27820E00CFA0A9 /* ZBKitUITests.m */ = {isa = PBXFileReference; lastKnownFileType = sourcecode.c.objc; path = ZBKitUITests.m; sourceTree = "<group>"; };
		7DD9D63E1E27820E00CFA0A9 /* Info.plist */ = {isa = PBXFileReference; lastKnownFileType = text.plist.xml; path = Info.plist; sourceTree = "<group>"; };
		7DD9D6571E27838600CFA0A9 /* ZBKit.h */ = {isa = PBXFileReference; lastKnownFileType = sourcecode.c.h; path = ZBKit.h; sourceTree = "<group>"; };
		7DF54D731E69500000DC4A41 /* ZBCarouselView.h */ = {isa = PBXFileReference; fileEncoding = 4; lastKnownFileType = sourcecode.c.h; path = ZBCarouselView.h; sourceTree = "<group>"; };
		7DF54D741E69500000DC4A41 /* ZBCarouselView.m */ = {isa = PBXFileReference; fileEncoding = 4; lastKnownFileType = sourcecode.c.objc; path = ZBCarouselView.m; sourceTree = "<group>"; };
		7DF9915A1E48893600F0071D /* DBViewController.h */ = {isa = PBXFileReference; fileEncoding = 4; lastKnownFileType = sourcecode.c.h; path = DBViewController.h; sourceTree = "<group>"; };
		7DF9915B1E48893600F0071D /* DBViewController.m */ = {isa = PBXFileReference; fileEncoding = 4; lastKnownFileType = sourcecode.c.objc; path = DBViewController.m; sourceTree = "<group>"; };
		7DFD7B401E306C1C00E38B8D /* BaseViewController.h */ = {isa = PBXFileReference; fileEncoding = 4; lastKnownFileType = sourcecode.c.h; path = BaseViewController.h; sourceTree = "<group>"; };
		7DFD7B411E306C1C00E38B8D /* BaseViewController.m */ = {isa = PBXFileReference; fileEncoding = 4; lastKnownFileType = sourcecode.c.objc; path = BaseViewController.m; sourceTree = "<group>"; };
		7DFD7B4A1E306F0B00E38B8D /* NSFileManager+pathMethod.h */ = {isa = PBXFileReference; fileEncoding = 4; lastKnownFileType = sourcecode.c.h; path = "NSFileManager+pathMethod.h"; sourceTree = "<group>"; };
		7DFD7B4B1E306F0B00E38B8D /* NSFileManager+pathMethod.m */ = {isa = PBXFileReference; fileEncoding = 4; lastKnownFileType = sourcecode.c.objc; path = "NSFileManager+pathMethod.m"; sourceTree = "<group>"; };
		7DFD7B4C1E306F0B00E38B8D /* ZBCacheManager.h */ = {isa = PBXFileReference; fileEncoding = 4; lastKnownFileType = sourcecode.c.h; path = ZBCacheManager.h; sourceTree = "<group>"; };
		7DFD7B4D1E306F0B00E38B8D /* ZBCacheManager.m */ = {isa = PBXFileReference; fileEncoding = 4; lastKnownFileType = sourcecode.c.objc; path = ZBCacheManager.m; sourceTree = "<group>"; };
		7DFD7B4E1E306F0B00E38B8D /* ZBNetworking.h */ = {isa = PBXFileReference; fileEncoding = 4; lastKnownFileType = sourcecode.c.h; path = ZBNetworking.h; sourceTree = "<group>"; };
		7DFD7B4F1E306F0B00E38B8D /* ZBNetworkManager.h */ = {isa = PBXFileReference; fileEncoding = 4; lastKnownFileType = sourcecode.c.h; path = ZBNetworkManager.h; sourceTree = "<group>"; };
		7DFD7B501E306F0B00E38B8D /* ZBNetworkManager.m */ = {isa = PBXFileReference; fileEncoding = 4; lastKnownFileType = sourcecode.c.objc; path = ZBNetworkManager.m; sourceTree = "<group>"; };
		7DFD7B511E306F0B00E38B8D /* ZBURLRequest.h */ = {isa = PBXFileReference; fileEncoding = 4; lastKnownFileType = sourcecode.c.h; path = ZBURLRequest.h; sourceTree = "<group>"; };
		7DFD7B521E306F0B00E38B8D /* ZBURLRequest.m */ = {isa = PBXFileReference; fileEncoding = 4; lastKnownFileType = sourcecode.c.objc; path = ZBURLRequest.m; sourceTree = "<group>"; };
		7DFD7B531E306F0B00E38B8D /* ZBURLSessionManager.h */ = {isa = PBXFileReference; fileEncoding = 4; lastKnownFileType = sourcecode.c.h; path = ZBURLSessionManager.h; sourceTree = "<group>"; };
		7DFD7B541E306F0B00E38B8D /* ZBURLSessionManager.m */ = {isa = PBXFileReference; fileEncoding = 4; lastKnownFileType = sourcecode.c.objc; path = ZBURLSessionManager.m; sourceTree = "<group>"; };
		9F0201619D9037371B53A2DD /* Pods-ZBKit.debug.xcconfig */ = {isa = PBXFileReference; includeInIndex = 1; lastKnownFileType = text.xcconfig; name = "Pods-ZBKit.debug.xcconfig"; path = "Pods/Target Support Files/Pods-ZBKit/Pods-ZBKit.debug.xcconfig"; sourceTree = "<group>"; };
		B6C69C13416B9D701F068A51 /* Pods-ZBKit.release.xcconfig */ = {isa = PBXFileReference; includeInIndex = 1; lastKnownFileType = text.xcconfig; name = "Pods-ZBKit.release.xcconfig"; path = "Pods/Target Support Files/Pods-ZBKit/Pods-ZBKit.release.xcconfig"; sourceTree = "<group>"; };
/* End PBXFileReference section */

/* Begin PBXFrameworksBuildPhase section */
		7DD9D6111E27820D00CFA0A9 /* Frameworks */ = {
			isa = PBXFrameworksBuildPhase;
			buildActionMask = 2147483647;
			files = (
				7D31A4011E34536400D913A7 /* libsqlite3.tbd in Frameworks */,
				93D1664BA27A8E5D9B6658C2 /* libPods-ZBKit.a in Frameworks */,
			);
			runOnlyForDeploymentPostprocessing = 0;
		};
		7DD9D62A1E27820E00CFA0A9 /* Frameworks */ = {
			isa = PBXFrameworksBuildPhase;
			buildActionMask = 2147483647;
			files = (
			);
			runOnlyForDeploymentPostprocessing = 0;
		};
		7DD9D6351E27820E00CFA0A9 /* Frameworks */ = {
			isa = PBXFrameworksBuildPhase;
			buildActionMask = 2147483647;
			files = (
			);
			runOnlyForDeploymentPostprocessing = 0;
		};
/* End PBXFrameworksBuildPhase section */

/* Begin PBXGroup section */
		4A7DA0902471854F4A7DFE5B /* Pods */ = {
			isa = PBXGroup;
			children = (
				9F0201619D9037371B53A2DD /* Pods-ZBKit.debug.xcconfig */,
				B6C69C13416B9D701F068A51 /* Pods-ZBKit.release.xcconfig */,
			);
			name = Pods;
			sourceTree = "<group>";
		};
		7D05F8871E4C29F1009F9D31 /* bird */ = {
			isa = PBXGroup;
			children = (
				7D05F8881E4C29F1009F9D31 /* back2.jpg */,
				7D05F8891E4C29F1009F9D31 /* DOVE 1.png */,
				7D05F88A1E4C29F1009F9D31 /* DOVE 10.png */,
				7D05F88B1E4C29F1009F9D31 /* DOVE 11.png */,
				7D05F88C1E4C29F1009F9D31 /* DOVE 12.png */,
				7D05F88D1E4C29F1009F9D31 /* DOVE 13.png */,
				7D05F88E1E4C29F1009F9D31 /* DOVE 14.png */,
				7D05F88F1E4C29F1009F9D31 /* DOVE 15.png */,
				7D05F8901E4C29F1009F9D31 /* DOVE 16.png */,
				7D05F8911E4C29F1009F9D31 /* DOVE 17.png */,
				7D05F8921E4C29F1009F9D31 /* DOVE 18.png */,
				7D05F8931E4C29F1009F9D31 /* DOVE 2.png */,
				7D05F8941E4C29F1009F9D31 /* DOVE 3.png */,
				7D05F8951E4C29F1009F9D31 /* DOVE 4.png */,
				7D05F8961E4C29F1009F9D31 /* DOVE 5.png */,
				7D05F8971E4C29F1009F9D31 /* DOVE 6.png */,
				7D05F8981E4C29F1009F9D31 /* DOVE 7.png */,
				7D05F8991E4C29F1009F9D31 /* DOVE 8.png */,
				7D05F89A1E4C29F1009F9D31 /* DOVE 9.png */,
			);
			path = bird;
			sourceTree = "<group>";
		};
		7D1C6DDB1E35F8CE00495AB7 /* ZBAdvertise */ = {
			isa = PBXGroup;
			children = (
				7D1C6DDC1E35F8CE00495AB7 /* ZBAdvertiseInfo.h */,
				7D1C6DDD1E35F8CE00495AB7 /* ZBAdvertiseInfo.m */,
				7D1C6DDE1E35F8CE00495AB7 /* ZBAdvertiseView.h */,
				7D1C6DDF1E35F8CE00495AB7 /* ZBAdvertiseView.m */,
			);
			path = ZBAdvertise;
			sourceTree = "<group>";
		};
		7D1C6DE01E35F8CE00495AB7 /* ZBDataBase */ = {
			isa = PBXGroup;
			children = (
				7DC2FAE21E5EB68800CEC472 /* NSObject+ZBCoding.h */,
				7DC2FAE31E5EB68800CEC472 /* NSObject+ZBCoding.m */,
				7D1C6DE11E35F8CE00495AB7 /* ZBDataBaseManager.h */,
				7D1C6DE21E35F8CE00495AB7 /* ZBDataBaseManager.m */,
			);
			path = ZBDataBase;
			sourceTree = "<group>";
		};
		7D1C6DE31E35F8CE00495AB7 /* ZBWebImage */ = {
			isa = PBXGroup;
			children = (
				7D1C6DE41E35F8CE00495AB7 /* UIImage+ZBKit.h */,
				7D1C6DE51E35F8CE00495AB7 /* UIImage+ZBKit.m */,
				7D4F74D21E77A13A00C6A03E /* ZBWebImageManager.h */,
				7D4F74D31E77A13A00C6A03E /* ZBWebImageManager.m */,
				7D4F74D81E77A1BE00C6A03E /* UIImageView+ZBWebCache.h */,
				7D4F74D91E77A1BE00C6A03E /* UIImageView+ZBWebCache.m */,
			);
			name = ZBWebImage;
			path = ZBImage;
			sourceTree = "<group>";
		};
		7D57D6491E37476800529558 /* FirstViewVontroller */ = {
			isa = PBXGroup;
			children = (
				7D5961FE1E529DB500E92F55 /* FirstViewController.h */,
				7D5961FF1E529DB500E92F55 /* FirstViewController.m */,
				7D57D64A1E37480300529558 /* MenuViewController.h */,
				7D57D64B1E37480300529558 /* MenuViewController.m */,
				7D57D64D1E37489C00529558 /* MenuModel.h */,
				7D57D64E1E37489C00529558 /* MenuModel.m */,
				7D57D6501E37490E00529558 /* ListViewController.h */,
				7D57D6511E37490E00529558 /* ListViewController.m */,
				7D57D6531E37494600529558 /* ListModel.h */,
				7D57D6541E37494600529558 /* ListModel.m */,
				7D57D63F1E373DD500529558 /* SettingCacheViewController.h */,
				7D57D6401E373DD500529558 /* SettingCacheViewController.m */,
				7D57D6421E373E0D00529558 /* OfflineView.h */,
				7D57D6431E373E0D00529558 /* OfflineView.m */,
				7D57D6451E373E4A00529558 /* offlineViewController.h */,
				7D57D6461E373E4A00529558 /* offlineViewController.m */,
				7D220DAE1E35A40500A29791 /* DetailsViewController.h */,
				7D220DAF1E35A40500A29791 /* DetailsViewController.m */,
				7D57D6481E373EC200529558 /* APIConstants.h */,
			);
			name = FirstViewVontroller;
			sourceTree = "<group>";
		};
		7DA919401E5BECF9006F347F /* ZBBundle */ = {
			isa = PBXGroup;
			children = (
				7DC2FAE51E5EB69A00CEC472 /* NSBundle+ZBKit.h */,
				7DC2FAE61E5EB69A00CEC472 /* NSBundle+ZBKit.m */,
				7DC2FAE71E5EB69A00CEC472 /* ZBKit.bundle */,
			);
			name = ZBBundle;
			sourceTree = "<group>";
		};
		7DC2FAD81E5EB66D00CEC472 /* ZBAnimation */ = {
			isa = PBXGroup;
			children = (
				7DC2FAD91E5EB66D00CEC472 /* UIView+ZBAnimation.h */,
				7DC2FADA1E5EB66D00CEC472 /* UIView+ZBAnimation.m */,
				7DC2FADB1E5EB66D00CEC472 /* ZBChart.h */,
				7DC2FADC1E5EB66D00CEC472 /* ZBChart.m */,
			);
			path = ZBAnimation;
			sourceTree = "<group>";
		};
		7DC2FAEA1E5EB6AB00CEC472 /* ZBTransition */ = {
			isa = PBXGroup;
			children = (
				7DC2FAEB1E5EB6AB00CEC472 /* ZBInteractiveTransition.h */,
				7DC2FAEC1E5EB6AB00CEC472 /* ZBInteractiveTransition.m */,
				7DC2FAED1E5EB6AB00CEC472 /* ZBPopTransitioning.h */,
				7DC2FAEE1E5EB6AB00CEC472 /* ZBPopTransitioning.m */,
				7DC2FAEF1E5EB6AB00CEC472 /* ZBPushTransitioning.h */,
				7DC2FAF01E5EB6AB00CEC472 /* ZBPushTransitioning.m */,
			);
			path = ZBTransition;
			sourceTree = "<group>";
		};
		7DC2FAFE1E5EB6C200CEC472 /* ZBTool */ = {
			isa = PBXGroup;
			children = (
				7DC2FAFF1E5EB6C200CEC472 /* ZBConstants.h */,
				7DC2FB001E5EB6C200CEC472 /* ZBControlTool.h */,
				7DC2FB011E5EB6C200CEC472 /* ZBControlTool.m */,
				7DC2FB021E5EB6C200CEC472 /* ZBGlobalSettingsTool.h */,
				7DC2FB031E5EB6C200CEC472 /* ZBGlobalSettingsTool.m */,
				7D139CBD1E8E3D42005B89D7 /* UIColor+ZBKit.h */,
				7D139CBE1E8E3D42005B89D7 /* UIColor+ZBKit.m */,
				7D183D861E9F1D7600376D0B /* NSString+ZBKit.h */,
				7D183D871E9F1D7600376D0B /* NSString+ZBKit.m */,
			);
			path = ZBTool;
			sourceTree = "<group>";
		};
		7DC2FB061E5EB6C900CEC472 /* ZBTableView */ = {
			isa = PBXGroup;
			children = (
				7DC2FB071E5EB6C900CEC472 /* ZBTableViewController.h */,
				7DC2FB081E5EB6C900CEC472 /* ZBTableViewController.m */,
			);
			path = ZBTableView;
			sourceTree = "<group>";
		};
		7DD9D60B1E27820D00CFA0A9 = {
			isa = PBXGroup;
			children = (
				7DD9D6161E27820D00CFA0A9 /* ZBKit */,
				7DD9D6301E27820E00CFA0A9 /* ZBKitTests */,
				7DD9D63B1E27820E00CFA0A9 /* ZBKitUITests */,
				7DD9D6151E27820D00CFA0A9 /* Products */,
				4A7DA0902471854F4A7DFE5B /* Pods */,
				D9BC0CF3CC118CB66FB7E2F3 /* Frameworks */,
			);
			sourceTree = "<group>";
		};
		7DD9D6151E27820D00CFA0A9 /* Products */ = {
			isa = PBXGroup;
			children = (
				7DD9D6141E27820D00CFA0A9 /* ZBKit.app */,
				7DD9D62D1E27820E00CFA0A9 /* ZBKitTests.xctest */,
				7DD9D6381E27820E00CFA0A9 /* ZBKitUITests.xctest */,
			);
			name = Products;
			sourceTree = "<group>";
		};
		7DD9D6161E27820D00CFA0A9 /* ZBKit */ = {
			isa = PBXGroup;
			children = (
				7DD9D64A1E27823C00CFA0A9 /* ZBKit */,
				7D5961FB1E529D5D00E92F55 /* HomeViewController.h */,
				7D5961FC1E529D5D00E92F55 /* HomeViewController.m */,
				7D57D6491E37476800529558 /* FirstViewVontroller */,
				7D31A4051E34AF5500D913A7 /* SecondViewController.h */,
				7D31A4061E34AF5500D913A7 /* SecondViewController.m */,
				7DF991591E48890700F0071D /* ThirdViewController */,
				7D57D62A1E36E5E100529558 /* FourViewController.h */,
				7D57D62B1E36E5E100529558 /* FourViewController.m */,
				7D139CB91E8DF76F005B89D7 /* FiveViewController.h */,
				7D139CBA1E8DF76F005B89D7 /* FiveViewController.m */,
				7DC006851E6816090047213C /* SixViewController.h */,
				7DC006861E6816090047213C /* SixViewController.m */,
				7D5962011E529DFA00E92F55 /* SettingViewController.h */,
				7D5962021E529DFA00E92F55 /* SettingViewController.m */,
				7DD0B43C1E65692000E5634E /* StorageSpaceViewController.h */,
				7DD0B43D1E65692000E5634E /* StorageSpaceViewController.m */,
				7D57D6561E3755C200529558 /* adData.plist */,
				7D57D6581E3761F400529558 /* adData2.plist */,
				7DFD7B401E306C1C00E38B8D /* BaseViewController.h */,
				7DFD7B411E306C1C00E38B8D /* BaseViewController.m */,
				7DD9D61D1E27820D00CFA0A9 /* ViewController.h */,
				7DD9D61E1E27820D00CFA0A9 /* ViewController.m */,
				7DD9D61A1E27820D00CFA0A9 /* AppDelegate.h */,
				7DD9D61B1E27820D00CFA0A9 /* AppDelegate.m */,
				7D220DAC1E359E8900A29791 /* zhanweitu.png */,
				7D05F8871E4C29F1009F9D31 /* bird */,
				7DD9D6201E27820D00CFA0A9 /* Main.storyboard */,
				7DD9D6231E27820D00CFA0A9 /* Assets.xcassets */,
				7DD9D6251E27820D00CFA0A9 /* LaunchScreen.storyboard */,
				7DD9D6281E27820D00CFA0A9 /* Info.plist */,
				7DD9D6171E27820D00CFA0A9 /* Supporting Files */,
			);
			path = ZBKit;
			sourceTree = "<group>";
		};
		7DD9D6171E27820D00CFA0A9 /* Supporting Files */ = {
			isa = PBXGroup;
			children = (
				7DD9D6181E27820D00CFA0A9 /* main.m */,
			);
			name = "Supporting Files";
			sourceTree = "<group>";
		};
		7DD9D6301E27820E00CFA0A9 /* ZBKitTests */ = {
			isa = PBXGroup;
			children = (
				7DD9D6311E27820E00CFA0A9 /* ZBKitTests.m */,
				7DD9D6331E27820E00CFA0A9 /* Info.plist */,
			);
			path = ZBKitTests;
			sourceTree = "<group>";
		};
		7DD9D63B1E27820E00CFA0A9 /* ZBKitUITests */ = {
			isa = PBXGroup;
			children = (
				7DD9D63C1E27820E00CFA0A9 /* ZBKitUITests.m */,
				7DD9D63E1E27820E00CFA0A9 /* Info.plist */,
			);
			path = ZBKitUITests;
			sourceTree = "<group>";
		};
		7DD9D64A1E27823C00CFA0A9 /* ZBKit */ = {
			isa = PBXGroup;
			children = (
				7DF54D721E69500000DC4A41 /* ZBCarouselView */,
				7DFD7B491E306F0B00E38B8D /* ZBNetworking */,
				7D1C6DE31E35F8CE00495AB7 /* ZBWebImage */,
				7D1C6DDB1E35F8CE00495AB7 /* ZBAdvertise */,
				7D1C6DE01E35F8CE00495AB7 /* ZBDataBase */,
				7DC2FB061E5EB6C900CEC472 /* ZBTableView */,
				7DC2FAFE1E5EB6C200CEC472 /* ZBTool */,
				7DC2FAEA1E5EB6AB00CEC472 /* ZBTransition */,
				7DC2FAD81E5EB66D00CEC472 /* ZBAnimation */,
				7DA919401E5BECF9006F347F /* ZBBundle */,
				7DD9D6571E27838600CFA0A9 /* ZBKit.h */,
			);
			path = ZBKit;
			sourceTree = "<group>";
		};
		7DF54D721E69500000DC4A41 /* ZBCarouselView */ = {
			isa = PBXGroup;
			children = (
				7DF54D731E69500000DC4A41 /* ZBCarouselView.h */,
				7DF54D741E69500000DC4A41 /* ZBCarouselView.m */,
			);
			path = ZBCarouselView;
			sourceTree = "<group>";
		};
		7DF991591E48890700F0071D /* ThirdViewController */ = {
			isa = PBXGroup;
			children = (
				7D1C6E091E360A3600495AB7 /* ThirdViewController.h */,
				7D1C6E0A1E360A3600495AB7 /* ThirdViewController.m */,
				7DF9915A1E48893600F0071D /* DBViewController.h */,
				7DF9915B1E48893600F0071D /* DBViewController.m */,
			);
			name = ThirdViewController;
			sourceTree = "<group>";
		};
		7DFD7B491E306F0B00E38B8D /* ZBNetworking */ = {
			isa = PBXGroup;
			children = (
				7DFD7B4A1E306F0B00E38B8D /* NSFileManager+pathMethod.h */,
				7DFD7B4B1E306F0B00E38B8D /* NSFileManager+pathMethod.m */,
				7DFD7B4C1E306F0B00E38B8D /* ZBCacheManager.h */,
				7DFD7B4D1E306F0B00E38B8D /* ZBCacheManager.m */,
				7DFD7B4E1E306F0B00E38B8D /* ZBNetworking.h */,
				7DFD7B4F1E306F0B00E38B8D /* ZBNetworkManager.h */,
				7DFD7B501E306F0B00E38B8D /* ZBNetworkManager.m */,
				7DFD7B511E306F0B00E38B8D /* ZBURLRequest.h */,
				7DFD7B521E306F0B00E38B8D /* ZBURLRequest.m */,
				7DFD7B531E306F0B00E38B8D /* ZBURLSessionManager.h */,
				7DFD7B541E306F0B00E38B8D /* ZBURLSessionManager.m */,
			);
			path = ZBNetworking;
			sourceTree = "<group>";
		};
		D9BC0CF3CC118CB66FB7E2F3 /* Frameworks */ = {
			isa = PBXGroup;
			children = (
				7D31A4001E34536400D913A7 /* libsqlite3.tbd */,
				1BC7A090E6668FB7B3DBB751 /* libPods-ZBKit.a */,
			);
			name = Frameworks;
			sourceTree = "<group>";
		};
/* End PBXGroup section */

/* Begin PBXNativeTarget section */
		7DD9D6131E27820D00CFA0A9 /* ZBKit */ = {
			isa = PBXNativeTarget;
			buildConfigurationList = 7DD9D6411E27820E00CFA0A9 /* Build configuration list for PBXNativeTarget "ZBKit" */;
			buildPhases = (
				4347FEC4803486C436BFD8C8 /* [CP] Check Pods Manifest.lock */,
				7DD9D6101E27820D00CFA0A9 /* Sources */,
				7DD9D6111E27820D00CFA0A9 /* Frameworks */,
				7DD9D6121E27820D00CFA0A9 /* Resources */,
				A3696688E569B6BB91C4D3E8 /* [CP] Embed Pods Frameworks */,
				BFA64F816A1DC2EC10EA54E0 /* [CP] Copy Pods Resources */,
			);
			buildRules = (
			);
			dependencies = (
			);
			name = ZBKit;
			productName = ZBKit;
			productReference = 7DD9D6141E27820D00CFA0A9 /* ZBKit.app */;
			productType = "com.apple.product-type.application";
		};
		7DD9D62C1E27820E00CFA0A9 /* ZBKitTests */ = {
			isa = PBXNativeTarget;
			buildConfigurationList = 7DD9D6441E27820E00CFA0A9 /* Build configuration list for PBXNativeTarget "ZBKitTests" */;
			buildPhases = (
				7DD9D6291E27820E00CFA0A9 /* Sources */,
				7DD9D62A1E27820E00CFA0A9 /* Frameworks */,
				7DD9D62B1E27820E00CFA0A9 /* Resources */,
			);
			buildRules = (
			);
			dependencies = (
				7DD9D62F1E27820E00CFA0A9 /* PBXTargetDependency */,
			);
			name = ZBKitTests;
			productName = ZBKitTests;
			productReference = 7DD9D62D1E27820E00CFA0A9 /* ZBKitTests.xctest */;
			productType = "com.apple.product-type.bundle.unit-test";
		};
		7DD9D6371E27820E00CFA0A9 /* ZBKitUITests */ = {
			isa = PBXNativeTarget;
			buildConfigurationList = 7DD9D6471E27820E00CFA0A9 /* Build configuration list for PBXNativeTarget "ZBKitUITests" */;
			buildPhases = (
				7DD9D6341E27820E00CFA0A9 /* Sources */,
				7DD9D6351E27820E00CFA0A9 /* Frameworks */,
				7DD9D6361E27820E00CFA0A9 /* Resources */,
			);
			buildRules = (
			);
			dependencies = (
				7DD9D63A1E27820E00CFA0A9 /* PBXTargetDependency */,
			);
			name = ZBKitUITests;
			productName = ZBKitUITests;
			productReference = 7DD9D6381E27820E00CFA0A9 /* ZBKitUITests.xctest */;
			productType = "com.apple.product-type.bundle.ui-testing";
		};
/* End PBXNativeTarget section */

/* Begin PBXProject section */
		7DD9D60C1E27820D00CFA0A9 /* Project object */ = {
			isa = PBXProject;
			attributes = {
				LastUpgradeCheck = 0810;
				ORGANIZATIONNAME = Suzhibin;
				TargetAttributes = {
					7DD9D6131E27820D00CFA0A9 = {
						CreatedOnToolsVersion = 8.1;
						ProvisioningStyle = Automatic;
					};
					7DD9D62C1E27820E00CFA0A9 = {
						CreatedOnToolsVersion = 8.1;
						ProvisioningStyle = Automatic;
						TestTargetID = 7DD9D6131E27820D00CFA0A9;
					};
					7DD9D6371E27820E00CFA0A9 = {
						CreatedOnToolsVersion = 8.1;
						ProvisioningStyle = Automatic;
						TestTargetID = 7DD9D6131E27820D00CFA0A9;
					};
				};
			};
			buildConfigurationList = 7DD9D60F1E27820D00CFA0A9 /* Build configuration list for PBXProject "ZBKit" */;
			compatibilityVersion = "Xcode 3.2";
			developmentRegion = English;
			hasScannedForEncodings = 0;
			knownRegions = (
				en,
				Base,
			);
			mainGroup = 7DD9D60B1E27820D00CFA0A9;
			productRefGroup = 7DD9D6151E27820D00CFA0A9 /* Products */;
			projectDirPath = "";
			projectRoot = "";
			targets = (
				7DD9D6131E27820D00CFA0A9 /* ZBKit */,
				7DD9D62C1E27820E00CFA0A9 /* ZBKitTests */,
				7DD9D6371E27820E00CFA0A9 /* ZBKitUITests */,
			);
		};
/* End PBXProject section */

/* Begin PBXResourcesBuildPhase section */
		7DD9D6121E27820D00CFA0A9 /* Resources */ = {
			isa = PBXResourcesBuildPhase;
			buildActionMask = 2147483647;
			files = (
				7D05F8A61E4C29F1009F9D31 /* DOVE 2.png in Resources */,
				7D05F89E1E4C29F1009F9D31 /* DOVE 11.png in Resources */,
				7D05F89D1E4C29F1009F9D31 /* DOVE 10.png in Resources */,
				7D05F8A31E4C29F1009F9D31 /* DOVE 16.png in Resources */,
				7D05F89F1E4C29F1009F9D31 /* DOVE 12.png in Resources */,
				7D05F8A81E4C29F1009F9D31 /* DOVE 4.png in Resources */,
				7D57D6591E3761F400529558 /* adData2.plist in Resources */,
				7D05F8AC1E4C29F1009F9D31 /* DOVE 8.png in Resources */,
				7D05F8A91E4C29F1009F9D31 /* DOVE 5.png in Resources */,
				7D05F8A11E4C29F1009F9D31 /* DOVE 14.png in Resources */,
				7D05F8A21E4C29F1009F9D31 /* DOVE 15.png in Resources */,
				7D220DAD1E359E8900A29791 /* zhanweitu.png in Resources */,
				7D05F8A51E4C29F1009F9D31 /* DOVE 18.png in Resources */,
				7DC2FAE91E5EB69A00CEC472 /* ZBKit.bundle in Resources */,
				7D05F89B1E4C29F1009F9D31 /* back2.jpg in Resources */,
				7D05F8AA1E4C29F1009F9D31 /* DOVE 6.png in Resources */,
				7DD9D6271E27820D00CFA0A9 /* LaunchScreen.storyboard in Resources */,
				7DD9D6241E27820D00CFA0A9 /* Assets.xcassets in Resources */,
				7D05F89C1E4C29F1009F9D31 /* DOVE 1.png in Resources */,
				7D05F8AB1E4C29F1009F9D31 /* DOVE 7.png in Resources */,
				7D05F8AD1E4C29F1009F9D31 /* DOVE 9.png in Resources */,
				7D05F8A01E4C29F1009F9D31 /* DOVE 13.png in Resources */,
				7DD9D6221E27820D00CFA0A9 /* Main.storyboard in Resources */,
				7D05F8A41E4C29F1009F9D31 /* DOVE 17.png in Resources */,
				7D05F8A71E4C29F1009F9D31 /* DOVE 3.png in Resources */,
				7D57D6571E3755C200529558 /* adData.plist in Resources */,
			);
			runOnlyForDeploymentPostprocessing = 0;
		};
		7DD9D62B1E27820E00CFA0A9 /* Resources */ = {
			isa = PBXResourcesBuildPhase;
			buildActionMask = 2147483647;
			files = (
			);
			runOnlyForDeploymentPostprocessing = 0;
		};
		7DD9D6361E27820E00CFA0A9 /* Resources */ = {
			isa = PBXResourcesBuildPhase;
			buildActionMask = 2147483647;
			files = (
			);
			runOnlyForDeploymentPostprocessing = 0;
		};
/* End PBXResourcesBuildPhase section */

/* Begin PBXShellScriptBuildPhase section */
		4347FEC4803486C436BFD8C8 /* [CP] Check Pods Manifest.lock */ = {
			isa = PBXShellScriptBuildPhase;
			buildActionMask = 2147483647;
			files = (
			);
			inputPaths = (
			);
			name = "[CP] Check Pods Manifest.lock";
			outputPaths = (
			);
			runOnlyForDeploymentPostprocessing = 0;
			shellPath = /bin/sh;
			shellScript = "diff \"${PODS_ROOT}/../Podfile.lock\" \"${PODS_ROOT}/Manifest.lock\" > /dev/null\nif [ $? != 0 ] ; then\n    # print error to STDERR\n    echo \"error: The sandbox is not in sync with the Podfile.lock. Run 'pod install' or update your CocoaPods installation.\" >&2\n    exit 1\nfi\n";
			showEnvVarsInLog = 0;
		};
		A3696688E569B6BB91C4D3E8 /* [CP] Embed Pods Frameworks */ = {
			isa = PBXShellScriptBuildPhase;
			buildActionMask = 2147483647;
			files = (
			);
			inputPaths = (
			);
			name = "[CP] Embed Pods Frameworks";
			outputPaths = (
			);
			runOnlyForDeploymentPostprocessing = 0;
			shellPath = /bin/sh;
			shellScript = "\"${SRCROOT}/Pods/Target Support Files/Pods-ZBKit/Pods-ZBKit-frameworks.sh\"\n";
			showEnvVarsInLog = 0;
		};
		BFA64F816A1DC2EC10EA54E0 /* [CP] Copy Pods Resources */ = {
			isa = PBXShellScriptBuildPhase;
			buildActionMask = 2147483647;
			files = (
			);
			inputPaths = (
			);
			name = "[CP] Copy Pods Resources";
			outputPaths = (
			);
			runOnlyForDeploymentPostprocessing = 0;
			shellPath = /bin/sh;
			shellScript = "\"${SRCROOT}/Pods/Target Support Files/Pods-ZBKit/Pods-ZBKit-resources.sh\"\n";
			showEnvVarsInLog = 0;
		};
/* End PBXShellScriptBuildPhase section */

/* Begin PBXSourcesBuildPhase section */
		7DD9D6101E27820D00CFA0A9 /* Sources */ = {
			isa = PBXSourcesBuildPhase;
			buildActionMask = 2147483647;
			files = (
				7D183D881E9F1D7600376D0B /* NSString+ZBKit.m in Sources */,
				7DD9D61F1E27820D00CFA0A9 /* ViewController.m in Sources */,
				7DD9D61C1E27820D00CFA0A9 /* AppDelegate.m in Sources */,
				7D57D6521E37490E00529558 /* ListViewController.m in Sources */,
				7D57D62C1E36E5E100529558 /* FourViewController.m in Sources */,
				7DD9D6191E27820D00CFA0A9 /* main.m in Sources */,
				7DC2FAE81E5EB69A00CEC472 /* NSBundle+ZBKit.m in Sources */,
				7DFD7B591E306F0B00E38B8D /* ZBURLSessionManager.m in Sources */,
				7D5962001E529DB500E92F55 /* FirstViewController.m in Sources */,
				7DFD7B571E306F0B00E38B8D /* ZBNetworkManager.m in Sources */,
				7D57D6441E373E0D00529558 /* OfflineView.m in Sources */,
				7DC2FAE41E5EB68800CEC472 /* NSObject+ZBCoding.m in Sources */,
				7DFD7B581E306F0B00E38B8D /* ZBURLRequest.m in Sources */,
				7DFD7B421E306C1C00E38B8D /* BaseViewController.m in Sources */,
				7DC2FB041E5EB6C200CEC472 /* ZBControlTool.m in Sources */,
				7D1C6DFA1E35F8CE00495AB7 /* ZBAdvertiseView.m in Sources */,
				7D57D6411E373DD500529558 /* SettingCacheViewController.m in Sources */,
				7DC2FADD1E5EB66D00CEC472 /* UIView+ZBAnimation.m in Sources */,
				7D57D6551E37494600529558 /* ListModel.m in Sources */,
				7D31A4071E34AF5500D913A7 /* SecondViewController.m in Sources */,
				7D1C6E0C1E360A3600495AB7 /* ThirdViewController.m in Sources */,
				7D57D6471E373E4A00529558 /* offlineViewController.m in Sources */,
				7DF9915C1E48893600F0071D /* DBViewController.m in Sources */,
				7D5961FD1E529D5D00E92F55 /* HomeViewController.m in Sources */,
				7DC2FB051E5EB6C200CEC472 /* ZBGlobalSettingsTool.m in Sources */,
				7D1C6DF91E35F8CE00495AB7 /* ZBAdvertiseInfo.m in Sources */,
				7DFD7B551E306F0B00E38B8D /* NSFileManager+pathMethod.m in Sources */,
				7DF54D751E69500000DC4A41 /* ZBCarouselView.m in Sources */,
				7D220DB01E35A40500A29791 /* DetailsViewController.m in Sources */,
				7D1C6DFB1E35F8CE00495AB7 /* ZBDataBaseManager.m in Sources */,
				7D139CBB1E8DF76F005B89D7 /* FiveViewController.m in Sources */,
				7DC2FADE1E5EB66D00CEC472 /* ZBChart.m in Sources */,
				7DC2FAF21E5EB6AB00CEC472 /* ZBPopTransitioning.m in Sources */,
				7DD0B43E1E65692000E5634E /* StorageSpaceViewController.m in Sources */,
				7D1C6DFC1E35F8CE00495AB7 /* UIImage+ZBKit.m in Sources */,
				7DFD7B561E306F0B00E38B8D /* ZBCacheManager.m in Sources */,
				7DC2FB091E5EB6C900CEC472 /* ZBTableViewController.m in Sources */,
				7D4F74D41E77A13A00C6A03E /* ZBWebImageManager.m in Sources */,
				7D57D64C1E37480300529558 /* MenuViewController.m in Sources */,
				7D139CBF1E8E3D42005B89D7 /* UIColor+ZBKit.m in Sources */,
				7D4F74DA1E77A1BE00C6A03E /* UIImageView+ZBWebCache.m in Sources */,
				7D57D64F1E37489C00529558 /* MenuModel.m in Sources */,
				7DC2FAF31E5EB6AB00CEC472 /* ZBPushTransitioning.m in Sources */,
				7DC2FAF11E5EB6AB00CEC472 /* ZBInteractiveTransition.m in Sources */,
				7D5962031E529DFA00E92F55 /* SettingViewController.m in Sources */,
				7DC006871E6816090047213C /* SixViewController.m in Sources */,
			);
			runOnlyForDeploymentPostprocessing = 0;
		};
		7DD9D6291E27820E00CFA0A9 /* Sources */ = {
			isa = PBXSourcesBuildPhase;
			buildActionMask = 2147483647;
			files = (
				7DD9D6321E27820E00CFA0A9 /* ZBKitTests.m in Sources */,
			);
			runOnlyForDeploymentPostprocessing = 0;
		};
		7DD9D6341E27820E00CFA0A9 /* Sources */ = {
			isa = PBXSourcesBuildPhase;
			buildActionMask = 2147483647;
			files = (
				7DD9D63D1E27820E00CFA0A9 /* ZBKitUITests.m in Sources */,
			);
			runOnlyForDeploymentPostprocessing = 0;
		};
/* End PBXSourcesBuildPhase section */

/* Begin PBXTargetDependency section */
		7DD9D62F1E27820E00CFA0A9 /* PBXTargetDependency */ = {
			isa = PBXTargetDependency;
			target = 7DD9D6131E27820D00CFA0A9 /* ZBKit */;
			targetProxy = 7DD9D62E1E27820E00CFA0A9 /* PBXContainerItemProxy */;
		};
		7DD9D63A1E27820E00CFA0A9 /* PBXTargetDependency */ = {
			isa = PBXTargetDependency;
			target = 7DD9D6131E27820D00CFA0A9 /* ZBKit */;
			targetProxy = 7DD9D6391E27820E00CFA0A9 /* PBXContainerItemProxy */;
		};
/* End PBXTargetDependency section */

/* Begin PBXVariantGroup section */
		7DD9D6201E27820D00CFA0A9 /* Main.storyboard */ = {
			isa = PBXVariantGroup;
			children = (
				7DD9D6211E27820D00CFA0A9 /* Base */,
			);
			name = Main.storyboard;
			sourceTree = "<group>";
		};
		7DD9D6251E27820D00CFA0A9 /* LaunchScreen.storyboard */ = {
			isa = PBXVariantGroup;
			children = (
				7DD9D6261E27820D00CFA0A9 /* Base */,
			);
			name = LaunchScreen.storyboard;
			sourceTree = "<group>";
		};
/* End PBXVariantGroup section */

/* Begin XCBuildConfiguration section */
		7DD9D63F1E27820E00CFA0A9 /* Debug */ = {
			isa = XCBuildConfiguration;
			buildSettings = {
				ALWAYS_SEARCH_USER_PATHS = NO;
				CLANG_ANALYZER_NONNULL = YES;
				CLANG_CXX_LANGUAGE_STANDARD = "gnu++0x";
				CLANG_CXX_LIBRARY = "libc++";
				CLANG_ENABLE_MODULES = YES;
				CLANG_ENABLE_OBJC_ARC = YES;
				CLANG_WARN_BOOL_CONVERSION = YES;
				CLANG_WARN_CONSTANT_CONVERSION = YES;
				CLANG_WARN_DIRECT_OBJC_ISA_USAGE = YES_ERROR;
				CLANG_WARN_DOCUMENTATION_COMMENTS = YES;
				CLANG_WARN_EMPTY_BODY = YES;
				CLANG_WARN_ENUM_CONVERSION = YES;
				CLANG_WARN_INFINITE_RECURSION = YES;
				CLANG_WARN_INT_CONVERSION = YES;
				CLANG_WARN_OBJC_ROOT_CLASS = YES_ERROR;
				CLANG_WARN_SUSPICIOUS_MOVES = YES;
				CLANG_WARN_UNREACHABLE_CODE = YES;
				CLANG_WARN__DUPLICATE_METHOD_MATCH = YES;
				"CODE_SIGN_IDENTITY[sdk=iphoneos*]" = "iPhone Developer";
				COPY_PHASE_STRIP = NO;
				DEBUG_INFORMATION_FORMAT = dwarf;
				ENABLE_STRICT_OBJC_MSGSEND = YES;
				ENABLE_TESTABILITY = YES;
				GCC_C_LANGUAGE_STANDARD = gnu99;
				GCC_DYNAMIC_NO_PIC = NO;
				GCC_NO_COMMON_BLOCKS = YES;
				GCC_OPTIMIZATION_LEVEL = 0;
				GCC_PREPROCESSOR_DEFINITIONS = (
					"DEBUG=1",
					"$(inherited)",
				);
				GCC_WARN_64_TO_32_BIT_CONVERSION = YES;
				GCC_WARN_ABOUT_RETURN_TYPE = YES_ERROR;
				GCC_WARN_UNDECLARED_SELECTOR = YES;
				GCC_WARN_UNINITIALIZED_AUTOS = YES_AGGRESSIVE;
				GCC_WARN_UNUSED_FUNCTION = YES;
				GCC_WARN_UNUSED_VARIABLE = YES;
				IPHONEOS_DEPLOYMENT_TARGET = 8.0;
				MTL_ENABLE_DEBUG_INFO = YES;
				ONLY_ACTIVE_ARCH = YES;
				SDKROOT = iphoneos;
			};
			name = Debug;
		};
		7DD9D6401E27820E00CFA0A9 /* Release */ = {
			isa = XCBuildConfiguration;
			buildSettings = {
				ALWAYS_SEARCH_USER_PATHS = NO;
				CLANG_ANALYZER_NONNULL = YES;
				CLANG_CXX_LANGUAGE_STANDARD = "gnu++0x";
				CLANG_CXX_LIBRARY = "libc++";
				CLANG_ENABLE_MODULES = YES;
				CLANG_ENABLE_OBJC_ARC = YES;
				CLANG_WARN_BOOL_CONVERSION = YES;
				CLANG_WARN_CONSTANT_CONVERSION = YES;
				CLANG_WARN_DIRECT_OBJC_ISA_USAGE = YES_ERROR;
				CLANG_WARN_DOCUMENTATION_COMMENTS = YES;
				CLANG_WARN_EMPTY_BODY = YES;
				CLANG_WARN_ENUM_CONVERSION = YES;
				CLANG_WARN_INFINITE_RECURSION = YES;
				CLANG_WARN_INT_CONVERSION = YES;
				CLANG_WARN_OBJC_ROOT_CLASS = YES_ERROR;
				CLANG_WARN_SUSPICIOUS_MOVES = YES;
				CLANG_WARN_UNREACHABLE_CODE = YES;
				CLANG_WARN__DUPLICATE_METHOD_MATCH = YES;
				"CODE_SIGN_IDENTITY[sdk=iphoneos*]" = "iPhone Developer";
				COPY_PHASE_STRIP = NO;
				DEBUG_INFORMATION_FORMAT = "dwarf-with-dsym";
				ENABLE_NS_ASSERTIONS = NO;
				ENABLE_STRICT_OBJC_MSGSEND = YES;
				GCC_C_LANGUAGE_STANDARD = gnu99;
				GCC_NO_COMMON_BLOCKS = YES;
				GCC_WARN_64_TO_32_BIT_CONVERSION = YES;
				GCC_WARN_ABOUT_RETURN_TYPE = YES_ERROR;
				GCC_WARN_UNDECLARED_SELECTOR = YES;
				GCC_WARN_UNINITIALIZED_AUTOS = YES_AGGRESSIVE;
				GCC_WARN_UNUSED_FUNCTION = YES;
				GCC_WARN_UNUSED_VARIABLE = YES;
				IPHONEOS_DEPLOYMENT_TARGET = 8.0;
				MTL_ENABLE_DEBUG_INFO = NO;
				SDKROOT = iphoneos;
				VALIDATE_PRODUCT = YES;
			};
			name = Release;
		};
		7DD9D6421E27820E00CFA0A9 /* Debug */ = {
			isa = XCBuildConfiguration;
			baseConfigurationReference = 9F0201619D9037371B53A2DD /* Pods-ZBKit.debug.xcconfig */;
			buildSettings = {
				ASSETCATALOG_COMPILER_APPICON_NAME = AppIcon;
				INFOPLIST_FILE = ZBKit/Info.plist;
				IPHONEOS_DEPLOYMENT_TARGET = 8.0;
				LD_RUNPATH_SEARCH_PATHS = "$(inherited) @executable_path/Frameworks";
				PRODUCT_BUNDLE_IDENTIFIER = "github.com-Suzhibin.ZBKit";
				PRODUCT_NAME = "$(TARGET_NAME)";
			};
			name = Debug;
		};
		7DD9D6431E27820E00CFA0A9 /* Release */ = {
			isa = XCBuildConfiguration;
			baseConfigurationReference = B6C69C13416B9D701F068A51 /* Pods-ZBKit.release.xcconfig */;
			buildSettings = {
				ASSETCATALOG_COMPILER_APPICON_NAME = AppIcon;
				INFOPLIST_FILE = ZBKit/Info.plist;
				IPHONEOS_DEPLOYMENT_TARGET = 8.0;
				LD_RUNPATH_SEARCH_PATHS = "$(inherited) @executable_path/Frameworks";
				PRODUCT_BUNDLE_IDENTIFIER = "github.com-Suzhibin.ZBKit";
				PRODUCT_NAME = "$(TARGET_NAME)";
			};
			name = Release;
		};
		7DD9D6451E27820E00CFA0A9 /* Debug */ = {
			isa = XCBuildConfiguration;
			buildSettings = {
				BUNDLE_LOADER = "$(TEST_HOST)";
				INFOPLIST_FILE = ZBKitTests/Info.plist;
				LD_RUNPATH_SEARCH_PATHS = "$(inherited) @executable_path/Frameworks @loader_path/Frameworks";
				PRODUCT_BUNDLE_IDENTIFIER = "github.com-Suzhibin.ZBKitTests";
				PRODUCT_NAME = "$(TARGET_NAME)";
				TEST_HOST = "$(BUILT_PRODUCTS_DIR)/ZBKit.app/ZBKit";
			};
			name = Debug;
		};
		7DD9D6461E27820E00CFA0A9 /* Release */ = {
			isa = XCBuildConfiguration;
			buildSettings = {
				BUNDLE_LOADER = "$(TEST_HOST)";
				INFOPLIST_FILE = ZBKitTests/Info.plist;
				LD_RUNPATH_SEARCH_PATHS = "$(inherited) @executable_path/Frameworks @loader_path/Frameworks";
				PRODUCT_BUNDLE_IDENTIFIER = "github.com-Suzhibin.ZBKitTests";
				PRODUCT_NAME = "$(TARGET_NAME)";
				TEST_HOST = "$(BUILT_PRODUCTS_DIR)/ZBKit.app/ZBKit";
			};
			name = Release;
		};
		7DD9D6481E27820E00CFA0A9 /* Debug */ = {
			isa = XCBuildConfiguration;
			buildSettings = {
				INFOPLIST_FILE = ZBKitUITests/Info.plist;
				LD_RUNPATH_SEARCH_PATHS = "$(inherited) @executable_path/Frameworks @loader_path/Frameworks";
				PRODUCT_BUNDLE_IDENTIFIER = "github.com-Suzhibin.ZBKitUITests";
				PRODUCT_NAME = "$(TARGET_NAME)";
				TEST_TARGET_NAME = ZBKit;
			};
			name = Debug;
		};
		7DD9D6491E27820E00CFA0A9 /* Release */ = {
			isa = XCBuildConfiguration;
			buildSettings = {
				INFOPLIST_FILE = ZBKitUITests/Info.plist;
				LD_RUNPATH_SEARCH_PATHS = "$(inherited) @executable_path/Frameworks @loader_path/Frameworks";
				PRODUCT_BUNDLE_IDENTIFIER = "github.com-Suzhibin.ZBKitUITests";
				PRODUCT_NAME = "$(TARGET_NAME)";
				TEST_TARGET_NAME = ZBKit;
			};
			name = Release;
		};
/* End XCBuildConfiguration section */

/* Begin XCConfigurationList section */
		7DD9D60F1E27820D00CFA0A9 /* Build configuration list for PBXProject "ZBKit" */ = {
			isa = XCConfigurationList;
			buildConfigurations = (
				7DD9D63F1E27820E00CFA0A9 /* Debug */,
				7DD9D6401E27820E00CFA0A9 /* Release */,
			);
			defaultConfigurationIsVisible = 0;
			defaultConfigurationName = Release;
		};
		7DD9D6411E27820E00CFA0A9 /* Build configuration list for PBXNativeTarget "ZBKit" */ = {
			isa = XCConfigurationList;
			buildConfigurations = (
				7DD9D6421E27820E00CFA0A9 /* Debug */,
				7DD9D6431E27820E00CFA0A9 /* Release */,
			);
			defaultConfigurationIsVisible = 0;
			defaultConfigurationName = Release;
		};
		7DD9D6441E27820E00CFA0A9 /* Build configuration list for PBXNativeTarget "ZBKitTests" */ = {
			isa = XCConfigurationList;
			buildConfigurations = (
				7DD9D6451E27820E00CFA0A9 /* Debug */,
				7DD9D6461E27820E00CFA0A9 /* Release */,
			);
			defaultConfigurationIsVisible = 0;
			defaultConfigurationName = Release;
		};
		7DD9D6471E27820E00CFA0A9 /* Build configuration list for PBXNativeTarget "ZBKitUITests" */ = {
			isa = XCConfigurationList;
			buildConfigurations = (
				7DD9D6481E27820E00CFA0A9 /* Debug */,
				7DD9D6491E27820E00CFA0A9 /* Release */,
			);
			defaultConfigurationIsVisible = 0;
			defaultConfigurationName = Release;
		};
/* End XCConfigurationList section */
	};
	rootObject = 7DD9D60C1E27820D00CFA0A9 /* Project object */;
}
